
Microsoft Visual Studio Solution File, Format Version 12.00
# Visual Studio 14
VisualStudioVersion = 14.0.25420.1
MinimumVisualStudioVersion = 10.0.40219.1
Project("{FAE04EC0-301F-11D3-BF4B-00C04F79EFBC}") = "servicios.negocio", "servicios.negocio\servicios.negocio.csproj", "{07B65F87-05EE-4D4A-8666-DF5CC58155BE}"
EndProject
Project("{FAE04EC0-301F-11D3-BF4B-00C04F79EFBC}") = "servicios.comun", "servicios.comun\servicios.comun.csproj", "{D76181F1-BF12-4E2F-A73D-F4ADEE7ACBAE}"
EndProject
Project("{FAE04EC0-301F-11D3-BF4B-00C04F79EFBC}") = "servicios.conexion", "servicios.conexion\servicios.conexion.csproj", "{62127D9E-FF10-46A8-9377-01915698E3D7}"
EndProject
Project("{FAE04EC0-301F-11D3-BF4B-00C04F79EFBC}") = "WebApi", "WebApi\WebApi.csproj", "{0ABDC57F-DC67-43F9-A2F6-0673CF697E7B}"
EndProject
Global
	GlobalSection(SolutionConfigurationPlatforms) = preSolution
		Debug|Any CPU = Debug|Any CPU
		Release|Any CPU = Release|Any CPU
	EndGlobalSection
	GlobalSection(ProjectConfigurationPlatforms) = postSolution
		{07B65F87-05EE-4D4A-8666-DF5CC58155BE}.Debug|Any CPU.ActiveCfg = Debug|Any CPU
		{07B65F87-05EE-4D4A-8666-DF5CC58155BE}.Debug|Any CPU.Build.0 = Debug|Any CPU
		{07B65F87-05EE-4D4A-8666-DF5CC58155BE}.Release|Any CPU.ActiveCfg = Release|Any CPU
		{07B65F87-05EE-4D4A-8666-DF5CC58155BE}.Release|Any CPU.Build.0 = Release|Any CPU
		{D76181F1-BF12-4E2F-A73D-F4ADEE7ACBAE}.Debug|Any CPU.ActiveCfg = Debug|Any CPU
		{D76181F1-BF12-4E2F-A73D-F4ADEE7ACBAE}.Debug|Any CPU.Build.0 = Debug|Any CPU
		{D76181F1-BF12-4E2F-A73D-F4ADEE7ACBAE}.Release|Any CPU.ActiveCfg = Release|Any CPU
		{D76181F1-BF12-4E2F-A73D-F4ADEE7ACBAE}.Release|Any CPU.Build.0 = Release|Any CPU
		{62127D9E-FF10-46A8-9377-01915698E3D7}.Debug|Any CPU.ActiveCfg = Debug|Any CPU
		{62127D9E-FF10-46A8-9377-01915698E3D7}.Debug|Any CPU.Build.0 = Debug|Any CPU
		{62127D9E-FF10-46A8-9377-01915698E3D7}.Release|Any CPU.ActiveCfg = Release|Any CPU
		{62127D9E-FF10-46A8-9377-01915698E3D7}.Release|Any CPU.Build.0 = Release|Any CPU
		{0ABDC57F-DC67-43F9-A2F6-0673CF697E7B}.Debug|Any CPU.ActiveCfg = Debug|Any CPU
		{0ABDC57F-DC67-43F9-A2F6-0673CF697E7B}.Debug|Any CPU.Build.0 = Debug|Any CPU
		{0ABDC57F-DC67-43F9-A2F6-0673CF697E7B}.Release|Any CPU.ActiveCfg = Release|Any CPU
		{0ABDC57F-DC67-43F9-A2F6-0673CF697E7B}.Release|Any CPU.Build.0 = Release|Any CPU
	EndGlobalSection
	GlobalSection(SolutionProperties) = preSolution
		HideSolutionNode = FALSE
	EndGlobalSection
EndGlobal
